
Microsoft Visual Studio Solution File, Format Version 12.00
# Visual Studio Version 16
VisualStudioVersion = 16.0.29009.5
MinimumVisualStudioVersion = 10.0.40219.1
Project("{FAE04EC0-301F-11D3-BF4B-00C04F79EFBC}") = "StudentExercise", "StudentExercise\StudentExercise.csproj", "{BBF13AAF-9438-446B-87BE-4676154E8D44}"
EndProject
Global
	GlobalSection(SolutionConfigurationPlatforms) = preSolution
		Debug|Any CPU = Debug|Any CPU
		Release|Any CPU = Release|Any CPU
	EndGlobalSection
	GlobalSection(ProjectConfigurationPlatforms) = postSolution
		{BBF13AAF-9438-446B-87BE-4676154E8D44}.Debug|Any CPU.ActiveCfg = Debug|Any CPU
		{BBF13AAF-9438-446B-87BE-4676154E8D44}.Debug|Any CPU.Build.0 = Debug|Any CPU
		{BBF13AAF-9438-446B-87BE-4676154E8D44}.Release|Any CPU.ActiveCfg = Release|Any CPU
		{BBF13AAF-9438-446B-87BE-4676154E8D44}.Release|Any CPU.Build.0 = Release|Any CPU
	EndGlobalSection
	GlobalSection(SolutionProperties) = preSolution
		HideSolutionNode = FALSE
	EndGlobalSection
	GlobalSection(ExtensibilityGlobals) = postSolution
		SolutionGuid = {E6EF3B14-9E5B-4D80-B897-CC0EA59BB7E1}
	EndGlobalSection
EndGlobal
